
Microsoft Visual Studio Solution File, Format Version 12.00
# Visual Studio Version 17
VisualStudioVersion = 17.13.35806.99 d17.13
MinimumVisualStudioVersion = 10.0.40219.1
Project("{FAE04EC0-301F-11D3-BF4B-00C04F79EFBC}") = "lab06_01_Array", "lab06_01_Array\lab06_01_Array.csproj", "{05A74C32-B2A9-4D2D-A776-A16C775466A5}"
EndProject
Global
	GlobalSection(SolutionConfigurationPlatforms) = preSolution
		Debug|Any CPU = Debug|Any CPU
		Release|Any CPU = Release|Any CPU
	EndGlobalSection
	GlobalSection(ProjectConfigurationPlatforms) = postSolution
		{05A74C32-B2A9-4D2D-A776-A16C775466A5}.Debug|Any CPU.ActiveCfg = Debug|Any CPU
		{05A74C32-B2A9-4D2D-A776-A16C775466A5}.Debug|Any CPU.Build.0 = Debug|Any CPU
		{05A74C32-B2A9-4D2D-A776-A16C775466A5}.Release|Any CPU.ActiveCfg = Release|Any CPU
		{05A74C32-B2A9-4D2D-A776-A16C775466A5}.Release|Any CPU.Build.0 = Release|Any CPU
	EndGlobalSection
	GlobalSection(SolutionProperties) = preSolution
		HideSolutionNode = FALSE
	EndGlobalSection
	GlobalSection(ExtensibilityGlobals) = postSolution
		SolutionGuid = {A081042F-626E-4D01-B39C-1C7B2A82DAFB}
	EndGlobalSection
EndGlobal
