
Microsoft Visual Studio Solution File, Format Version 12.00
# Visual Studio Version 17
VisualStudioVersion = 17.13.35806.99 d17.13
MinimumVisualStudioVersion = 10.0.40219.1
Project("{FAE04EC0-301F-11D3-BF4B-00C04F79EFBC}") = "LAB03_2_Boolean", "LAB03_2_Boolean\LAB03_2_Boolean.csproj", "{F132D4F2-D59B-4C99-B14F-25C9A05F9FBD}"
EndProject
Global
	GlobalSection(SolutionConfigurationPlatforms) = preSolution
		Debug|Any CPU = Debug|Any CPU
		Release|Any CPU = Release|Any CPU
	EndGlobalSection
	GlobalSection(ProjectConfigurationPlatforms) = postSolution
		{F132D4F2-D59B-4C99-B14F-25C9A05F9FBD}.Debug|Any CPU.ActiveCfg = Debug|Any CPU
		{F132D4F2-D59B-4C99-B14F-25C9A05F9FBD}.Debug|Any CPU.Build.0 = Debug|Any CPU
		{F132D4F2-D59B-4C99-B14F-25C9A05F9FBD}.Release|Any CPU.ActiveCfg = Release|Any CPU
		{F132D4F2-D59B-4C99-B14F-25C9A05F9FBD}.Release|Any CPU.Build.0 = Release|Any CPU
	EndGlobalSection
	GlobalSection(SolutionProperties) = preSolution
		HideSolutionNode = FALSE
	EndGlobalSection
	GlobalSection(ExtensibilityGlobals) = postSolution
		SolutionGuid = {CE1ECA79-94F8-43CA-8ADE-19F74B1EA47B}
	EndGlobalSection
EndGlobal
