
Microsoft Visual Studio Solution File, Format Version 12.00
# Visual Studio Version 17
VisualStudioVersion = 17.13.35806.99 d17.13
MinimumVisualStudioVersion = 10.0.40219.1
Project("{FAE04EC0-301F-11D3-BF4B-00C04F79EFBC}") = "lab06_03_IndexAndRangeOperator", "lab06_03_IndexAndRangeOperator\lab06_03_IndexAndRangeOperator.csproj", "{8C5AE682-524A-4878-850A-D0B970636511}"
EndProject
Global
	GlobalSection(SolutionConfigurationPlatforms) = preSolution
		Debug|Any CPU = Debug|Any CPU
		Release|Any CPU = Release|Any CPU
	EndGlobalSection
	GlobalSection(ProjectConfigurationPlatforms) = postSolution
		{8C5AE682-524A-4878-850A-D0B970636511}.Debug|Any CPU.ActiveCfg = Debug|Any CPU
		{8C5AE682-524A-4878-850A-D0B970636511}.Debug|Any CPU.Build.0 = Debug|Any CPU
		{8C5AE682-524A-4878-850A-D0B970636511}.Release|Any CPU.ActiveCfg = Release|Any CPU
		{8C5AE682-524A-4878-850A-D0B970636511}.Release|Any CPU.Build.0 = Release|Any CPU
	EndGlobalSection
	GlobalSection(SolutionProperties) = preSolution
		HideSolutionNode = FALSE
	EndGlobalSection
	GlobalSection(ExtensibilityGlobals) = postSolution
		SolutionGuid = {D282F778-A912-407F-BA7B-2714EA65DD58}
	EndGlobalSection
EndGlobal
