
Microsoft Visual Studio Solution File, Format Version 12.00
# Visual Studio Version 17
VisualStudioVersion = 17.13.35806.99 d17.13
MinimumVisualStudioVersion = 10.0.40219.1
Project("{FAE04EC0-301F-11D3-BF4B-00C04F79EFBC}") = "JarmilaCommandLine", "JarmilaCommandLine\JarmilaCommandLine.csproj", "{78D8BE4B-8771-4D44-ACCF-1E887D96F5A1}"
EndProject
Global
	GlobalSection(SolutionConfigurationPlatforms) = preSolution
		Debug|Any CPU = Debug|Any CPU
		Release|Any CPU = Release|Any CPU
	EndGlobalSection
	GlobalSection(ProjectConfigurationPlatforms) = postSolution
		{78D8BE4B-8771-4D44-ACCF-1E887D96F5A1}.Debug|Any CPU.ActiveCfg = Debug|Any CPU
		{78D8BE4B-8771-4D44-ACCF-1E887D96F5A1}.Debug|Any CPU.Build.0 = Debug|Any CPU
		{78D8BE4B-8771-4D44-ACCF-1E887D96F5A1}.Release|Any CPU.ActiveCfg = Release|Any CPU
		{78D8BE4B-8771-4D44-ACCF-1E887D96F5A1}.Release|Any CPU.Build.0 = Release|Any CPU
	EndGlobalSection
	GlobalSection(SolutionProperties) = preSolution
		HideSolutionNode = FALSE
	EndGlobalSection
	GlobalSection(ExtensibilityGlobals) = postSolution
		SolutionGuid = {51D1C77E-6074-44BD-8573-1062EECCEE6D}
	EndGlobalSection
EndGlobal
