
Microsoft Visual Studio Solution File, Format Version 12.00
# Visual Studio Version 17
VisualStudioVersion = 17.13.35806.99 d17.13
MinimumVisualStudioVersion = 10.0.40219.1
Project("{FAE04EC0-301F-11D3-BF4B-00C04F79EFBC}") = "lab08_01_Classses", "lab08_01_Classses\lab08_01_Classses.csproj", "{D681772A-7E88-4336-9049-03E50B78E27C}"
EndProject
Global
	GlobalSection(SolutionConfigurationPlatforms) = preSolution
		Debug|Any CPU = Debug|Any CPU
		Release|Any CPU = Release|Any CPU
	EndGlobalSection
	GlobalSection(ProjectConfigurationPlatforms) = postSolution
		{D681772A-7E88-4336-9049-03E50B78E27C}.Debug|Any CPU.ActiveCfg = Debug|Any CPU
		{D681772A-7E88-4336-9049-03E50B78E27C}.Debug|Any CPU.Build.0 = Debug|Any CPU
		{D681772A-7E88-4336-9049-03E50B78E27C}.Release|Any CPU.ActiveCfg = Release|Any CPU
		{D681772A-7E88-4336-9049-03E50B78E27C}.Release|Any CPU.Build.0 = Release|Any CPU
	EndGlobalSection
	GlobalSection(SolutionProperties) = preSolution
		HideSolutionNode = FALSE
	EndGlobalSection
	GlobalSection(ExtensibilityGlobals) = postSolution
		SolutionGuid = {14D576BF-1794-4A54-AAE3-E44DB38FD9D1}
	EndGlobalSection
EndGlobal
