
Microsoft Visual Studio Solution File, Format Version 12.00
# Visual Studio Version 17
VisualStudioVersion = 17.13.35806.99 d17.13
MinimumVisualStudioVersion = 10.0.40219.1
Project("{FAE04EC0-301F-11D3-BF4B-00C04F79EFBC}") = "lab06_05_StingBuilder", "lab06_05_StingBuilder\lab06_05_StingBuilder.csproj", "{BB272416-07B2-4D36-ABE8-2C06563635EE}"
EndProject
Global
	GlobalSection(SolutionConfigurationPlatforms) = preSolution
		Debug|Any CPU = Debug|Any CPU
		Release|Any CPU = Release|Any CPU
	EndGlobalSection
	GlobalSection(ProjectConfigurationPlatforms) = postSolution
		{BB272416-07B2-4D36-ABE8-2C06563635EE}.Debug|Any CPU.ActiveCfg = Debug|Any CPU
		{BB272416-07B2-4D36-ABE8-2C06563635EE}.Debug|Any CPU.Build.0 = Debug|Any CPU
		{BB272416-07B2-4D36-ABE8-2C06563635EE}.Release|Any CPU.ActiveCfg = Release|Any CPU
		{BB272416-07B2-4D36-ABE8-2C06563635EE}.Release|Any CPU.Build.0 = Release|Any CPU
	EndGlobalSection
	GlobalSection(SolutionProperties) = preSolution
		HideSolutionNode = FALSE
	EndGlobalSection
	GlobalSection(ExtensibilityGlobals) = postSolution
		SolutionGuid = {F31D8388-9366-475F-AA85-BE2CE88506FD}
	EndGlobalSection
EndGlobal
