
Microsoft Visual Studio Solution File, Format Version 12.00
# Visual Studio Version 17
VisualStudioVersion = 17.13.35806.99 d17.13
MinimumVisualStudioVersion = 10.0.40219.1
Project("{FAE04EC0-301F-11D3-BF4B-00C04F79EFBC}") = "lab08_03_ValRefTypes", "lab08_03_ValRefTypes\lab08_03_ValRefTypes.csproj", "{15D58306-4E76-4C52-B9A7-7C3DBD418DAE}"
EndProject
Global
	GlobalSection(SolutionConfigurationPlatforms) = preSolution
		Debug|Any CPU = Debug|Any CPU
		Release|Any CPU = Release|Any CPU
	EndGlobalSection
	GlobalSection(ProjectConfigurationPlatforms) = postSolution
		{15D58306-4E76-4C52-B9A7-7C3DBD418DAE}.Debug|Any CPU.ActiveCfg = Debug|Any CPU
		{15D58306-4E76-4C52-B9A7-7C3DBD418DAE}.Debug|Any CPU.Build.0 = Debug|Any CPU
		{15D58306-4E76-4C52-B9A7-7C3DBD418DAE}.Release|Any CPU.ActiveCfg = Release|Any CPU
		{15D58306-4E76-4C52-B9A7-7C3DBD418DAE}.Release|Any CPU.Build.0 = Release|Any CPU
	EndGlobalSection
	GlobalSection(SolutionProperties) = preSolution
		HideSolutionNode = FALSE
	EndGlobalSection
	GlobalSection(ExtensibilityGlobals) = postSolution
		SolutionGuid = {D9D43F70-0009-4488-928A-42D305B1FEA2}
	EndGlobalSection
EndGlobal
