
Microsoft Visual Studio Solution File, Format Version 12.00
# Visual Studio Version 17
VisualStudioVersion = 17.13.35806.99 d17.13
MinimumVisualStudioVersion = 10.0.40219.1
Project("{FAE04EC0-301F-11D3-BF4B-00C04F79EFBC}") = "lab08_06_Static", "lab08_06_Static\lab08_06_Static.csproj", "{CEB3A323-2EC2-4A28-9A2C-3AB3C9D456A2}"
EndProject
Global
	GlobalSection(SolutionConfigurationPlatforms) = preSolution
		Debug|Any CPU = Debug|Any CPU
		Release|Any CPU = Release|Any CPU
	EndGlobalSection
	GlobalSection(ProjectConfigurationPlatforms) = postSolution
		{CEB3A323-2EC2-4A28-9A2C-3AB3C9D456A2}.Debug|Any CPU.ActiveCfg = Debug|Any CPU
		{CEB3A323-2EC2-4A28-9A2C-3AB3C9D456A2}.Debug|Any CPU.Build.0 = Debug|Any CPU
		{CEB3A323-2EC2-4A28-9A2C-3AB3C9D456A2}.Release|Any CPU.ActiveCfg = Release|Any CPU
		{CEB3A323-2EC2-4A28-9A2C-3AB3C9D456A2}.Release|Any CPU.Build.0 = Release|Any CPU
	EndGlobalSection
	GlobalSection(SolutionProperties) = preSolution
		HideSolutionNode = FALSE
	EndGlobalSection
	GlobalSection(ExtensibilityGlobals) = postSolution
		SolutionGuid = {1593F561-D385-4D81-A976-13F52D086A49}
	EndGlobalSection
EndGlobal
