
Microsoft Visual Studio Solution File, Format Version 12.00
# Visual Studio Version 17
VisualStudioVersion = 17.13.35806.99 d17.13
MinimumVisualStudioVersion = 10.0.40219.1
Project("{FAE04EC0-301F-11D3-BF4B-00C04F79EFBC}") = "JarmilaGetMax", "JarmilaGetMax\JarmilaGetMax.csproj", "{687AE532-2DF1-4C8E-8210-04AE4649DE8C}"
EndProject
Global
	GlobalSection(SolutionConfigurationPlatforms) = preSolution
		Debug|Any CPU = Debug|Any CPU
		Release|Any CPU = Release|Any CPU
	EndGlobalSection
	GlobalSection(ProjectConfigurationPlatforms) = postSolution
		{687AE532-2DF1-4C8E-8210-04AE4649DE8C}.Debug|Any CPU.ActiveCfg = Debug|Any CPU
		{687AE532-2DF1-4C8E-8210-04AE4649DE8C}.Debug|Any CPU.Build.0 = Debug|Any CPU
		{687AE532-2DF1-4C8E-8210-04AE4649DE8C}.Release|Any CPU.ActiveCfg = Release|Any CPU
		{687AE532-2DF1-4C8E-8210-04AE4649DE8C}.Release|Any CPU.Build.0 = Release|Any CPU
	EndGlobalSection
	GlobalSection(SolutionProperties) = preSolution
		HideSolutionNode = FALSE
	EndGlobalSection
	GlobalSection(ExtensibilityGlobals) = postSolution
		SolutionGuid = {DAB10406-4EC5-46AD-9952-AB88F1F03CCA}
	EndGlobalSection
EndGlobal
