
Microsoft Visual Studio Solution File, Format Version 12.00
# Visual Studio Version 17
VisualStudioVersion = 17.13.35806.99 d17.13
MinimumVisualStudioVersion = 10.0.40219.1
Project("{FAE04EC0-301F-11D3-BF4B-00C04F79EFBC}") = "lab08_07_Properties", "lab08_07_Properties\lab08_07_Properties.csproj", "{1D0FECA8-C5B9-4467-9BD1-B047655B14C4}"
EndProject
Global
	GlobalSection(SolutionConfigurationPlatforms) = preSolution
		Debug|Any CPU = Debug|Any CPU
		Release|Any CPU = Release|Any CPU
	EndGlobalSection
	GlobalSection(ProjectConfigurationPlatforms) = postSolution
		{1D0FECA8-C5B9-4467-9BD1-B047655B14C4}.Debug|Any CPU.ActiveCfg = Debug|Any CPU
		{1D0FECA8-C5B9-4467-9BD1-B047655B14C4}.Debug|Any CPU.Build.0 = Debug|Any CPU
		{1D0FECA8-C5B9-4467-9BD1-B047655B14C4}.Release|Any CPU.ActiveCfg = Release|Any CPU
		{1D0FECA8-C5B9-4467-9BD1-B047655B14C4}.Release|Any CPU.Build.0 = Release|Any CPU
	EndGlobalSection
	GlobalSection(SolutionProperties) = preSolution
		HideSolutionNode = FALSE
	EndGlobalSection
	GlobalSection(ExtensibilityGlobals) = postSolution
		SolutionGuid = {C1601233-7CED-42B7-B099-A01A4B0172D6}
	EndGlobalSection
EndGlobal
